
Microsoft Visual Studio Solution File, Format Version 12.00
# Visual Studio Version 17
VisualStudioVersion = 17.0.31903.59
MinimumVisualStudioVersion = 10.0.40219.1
Project("{FAE04EC0-301F-11D3-BF4B-00C04F79EFBC}") = "Alianza.Servidor", "servidor\Alianza.Servidor.csproj", "{3CC994AE-DB5F-4B2D-9AF9-E437B86CC4F0}"
EndProject
Project("{FAE04EC0-301F-11D3-BF4B-00C04F79EFBC}") = "Alianza.Pruebas", "pruebas\Alianza.Pruebas.csproj", "{4D56CC91-59E0-4D60-9782-C7F2E1BE20DE}"
EndProject
Global
	GlobalSection(SolutionConfigurationPlatforms) = preSolution
		Debug|Any CPU = Debug|Any CPU
		Release|Any CPU = Release|Any CPU
	EndGlobalSection
	GlobalSection(SolutionProperties) = preSolution
		HideSolutionNode = FALSE
	EndGlobalSection
	GlobalSection(ProjectConfigurationPlatforms) = postSolution
		{3CC994AE-DB5F-4B2D-9AF9-E437B86CC4F0}.Debug|Any CPU.ActiveCfg = Debug|Any CPU
		{3CC994AE-DB5F-4B2D-9AF9-E437B86CC4F0}.Debug|Any CPU.Build.0 = Debug|Any CPU
		{3CC994AE-DB5F-4B2D-9AF9-E437B86CC4F0}.Release|Any CPU.ActiveCfg = Release|Any CPU
		{3CC994AE-DB5F-4B2D-9AF9-E437B86CC4F0}.Release|Any CPU.Build.0 = Release|Any CPU
		{4D56CC91-59E0-4D60-9782-C7F2E1BE20DE}.Debug|Any CPU.ActiveCfg = Debug|Any CPU
		{4D56CC91-59E0-4D60-9782-C7F2E1BE20DE}.Debug|Any CPU.Build.0 = Debug|Any CPU
		{4D56CC91-59E0-4D60-9782-C7F2E1BE20DE}.Release|Any CPU.ActiveCfg = Release|Any CPU
		{4D56CC91-59E0-4D60-9782-C7F2E1BE20DE}.Release|Any CPU.Build.0 = Release|Any CPU
	EndGlobalSection
EndGlobal
